Microsoft Visual Studio Solution File, Format Version 12.00
# Visual Studio Version 17
VisualStudioVersion = 17.5.2.0
MinimumVisualStudioVersion = 10.0.40219.1
Project("{FAE04EC0-301F-11D3-BF4B-00C04F79EFBC}") = "presanalysis-web", "presanalysis-web.csproj", "{A2091758-8FE3-402B-69B6-6DC62BF16759}"
EndProject
Global
	GlobalSection(SolutionConfigurationPlatforms) = preSolution
		Debug|Any CPU = Debug|Any CPU
		Release|Any CPU = Release|Any CPU
	EndGlobalSection
	GlobalSection(ProjectConfigurationPlatforms) = postSolution
		{A2091758-8FE3-402B-69B6-6DC62BF16759}.Debug|Any CPU.ActiveCfg = Debug|Any CPU
		{A2091758-8FE3-402B-69B6-6DC62BF16759}.Debug|Any CPU.Build.0 = Debug|Any CPU
		{A2091758-8FE3-402B-69B6-6DC62BF16759}.Release|Any CPU.ActiveCfg = Release|Any CPU
		{A2091758-8FE3-402B-69B6-6DC62BF16759}.Release|Any CPU.Build.0 = Release|Any CPU
	EndGlobalSection
	GlobalSection(SolutionProperties) = preSolution
		HideSolutionNode = FALSE
	EndGlobalSection
	GlobalSection(ExtensibilityGlobals) = postSolution
		SolutionGuid = {5A9C241C-DF3C-4458-8CA7-301FB265D68A}
	EndGlobalSection
EndGlobal
